<?xml version="1.0" encoding="utf-8"?>
<Project ToolsVersion="4.0" xmlns="http://schemas.microsoft.com/developer/msbuild/2003">
  <ItemGroup>
    <Filter Include="include">
      <UniqueIdentifier>{3a86ff1a-4d7c-42f6-b1b7-5b49579eb7a1}</UniqueIdentifier>
    </Filter>
    <Filter Include="include\object-recognition-toolkit">
      <UniqueIdentifier>{f3e29b8b-c5f4-4b68-bb70-45aa3ad571d8}</UniqueIdentifier>
    </Filter>
    <Filter Include="include\object-recognition-toolkit\core">
      <UniqueIdentifier>{c725ea55-7e38-4cd5-aa55-c63d28a549f2}</UniqueIdentifier>
    </Filter>
    <Filter Include="src">
      <UniqueIdentifier>{b745f7d1-8cca-4d46-883c-1fd550960da2}</UniqueIdentifier>
    </Filter>
    <Filter Include="src\object-recognition-toolkit">
      <UniqueIdentifier>{579bb87f-2bdd-43de-9a31-decf73db090b}</UniqueIdentifier>
    </Filter>
    <Filter Include="src\object-recognition-toolkit\core">
      <UniqueIdentifier>{07f4db85-9048-4690-9945-c6964d6f1a1a}</UniqueIdentifier>
    </Filter>
    <Filter Include="include\object-recognition-toolkit\feature-extraction">
      <UniqueIdentifier>{179a6331-2620-4d94-b228-74a6d6e3f5d3}</UniqueIdentifier>
    </Filter>
    <Filter Include="src\object-recognition-toolkit\feature-extraction">
      <UniqueIdentifier>{d1a631a2-1f79-460e-aa8c-71fc78fda6fe}</UniqueIdentifier>
    </Filter>
  </ItemGroup>
  <ItemGroup>
    <ClInclude Include="..\..\..\include\object-recognition-toolkit\core\core.h">
      <Filter>include\object-recognition-toolkit\core</Filter>
    </ClInclude>
    <ClInclude Include="..\..\..\include\object-recognition-toolkit\core\algorithm.h">
      <Filter>include\object-recognition-toolkit\core</Filter>
    </ClInclude>
    <ClInclude Include="..\..\..\include\object-recognition-toolkit\feature-extraction\feature-extractor.h">
      <Filter>include\object-recognition-toolkit\feature-extraction</Filter>
    </ClInclude>
    <ClInclude Include="..\..\..\include\object-recognition-toolkit\feature-extraction\dallal-trigs-hog.h">
      <Filter>src\object-recognition-toolkit\feature-extraction</Filter>
    </ClInclude>
    <ClInclude Include="..\..\..\include\object-recognition-toolkit\core\algorithm_factory.h">
      <Filter>src\object-recognition-toolkit\core</Filter>
    </ClInclude>
    <ClInclude Include="..\..\..\include\object-recognition-toolkit\feature-extraction\feature-extractor-factory.h">
      <Filter>include\object-recognition-toolkit\feature-extraction</Filter>
    </ClInclude>
  </ItemGroup>
  <ItemGroup>
    <ClCompile Include="..\..\..\src\object-recognition-toolkit\core\core.cpp">
      <Filter>src\object-recognition-toolkit\core</Filter>
    </ClCompile>
    <ClCompile Include="..\..\..\src\object-recognition-toolkit\feature-extraction\dallal-trigs-hog.cpp">
      <Filter>src\object-recognition-toolkit\feature-extraction</Filter>
    </ClCompile>
    <ClCompile Include="..\..\..\src\object-recognition-toolkit\feature-extraction\feature-extractor.cpp">
      <Filter>src\object-recognition-toolkit\feature-extraction</Filter>
    </ClCompile>
    <ClCompile Include="..\..\..\src\object-recognition-toolkit\core\algorithm.cpp">
      <Filter>src\object-recognition-toolkit\core</Filter>
    </ClCompile>
  </ItemGroup>
</Project>