<?xml version="1.0" encoding="utf-8"?>
<Project ToolsVersion="4.0" xmlns="http://schemas.microsoft.com/developer/msbuild/2003">
  <ItemGroup>
    <ClInclude Include="include\object-recognition-toolkit\feature-extraction\feature-extractor.h" />
    <ClInclude Include="include\object-recognition-toolkit\core\core.h" />
    <ClInclude Include="include\object-recognition-toolkit\feature-extraction\hog-feature-extractor.h" />
    <ClInclude Include="include\object-recognition-toolkit\image-scanning\image-scanner.h" />
    <ClInclude Include="include\object-recognition-toolkit\image-scanning\dense-image-scanner.h" />
    <ClInclude Include="include\object-recognition-toolkit\image-pyramid\image-pyramid.h" />
    <ClInclude Include="include\object-recognition-toolkit\image-pyramid\float-pyramid.h" />
    <ClInclude Include="include\object-recognition-toolkit\image-pyramid\pyramid-level.h" />
    <ClInclude Include="include\object-recognition-toolkit\classification\classifier.h" />
    <ClInclude Include="include\object-recognition-toolkit\classification\mock-person-classifier.h" />
    <ClInclude Include="include\object-recognition-toolkit\classification\linear-svc.h" />
    <ClInclude Include="include\object-recognition-toolkit\classification\trainer.h" />
    <ClInclude Include="include\object-recognition-toolkit\classification\linear-svc-trainer.h" />
    <ClInclude Include="include\object-recognition-toolkit\core\public-api.h" />
    <ClInclude Include="include\object-recognition-toolkit\core\config.h" />
    <ClInclude Include="include\object-recognition-toolkit\core\serialization.h" />
    <ClInclude Include="include\object-recognition-toolkit\detection\detector.h" />
    <ClInclude Include="include\object-recognition-toolkit\non_maxima_suppression\non_maxima_suppressor.h" />
    <ClInclude Include="include\object-recognition-toolkit\non_maxima_suppression\pass_through_nms.h" />
    <ClInclude Include="include\object-recognition-toolkit\detection\detector_base.h" />
    <ClInclude Include="include\object-recognition-toolkit\core\named.h" />
    <ClInclude Include="include\object-recognition-toolkit\detection\detector_base_mt.h" />
    <ClInclude Include="include\object-recognition-toolkit\dataset\dataset.h" />
    <ClInclude Include="src\object-recognition-toolkit\dataset\imglab\convert_pascal_v1.h" />
    <ClInclude Include="include\object-recognition-toolkit\detection\detector_trainer.h" />
    <ClInclude Include="include\object-recognition-toolkit\detection\dallal_triggs_detector_trainer.h" />
    <ClInclude Include="include\object-recognition-toolkit\image-scanning\window.h" />
  </ItemGroup>
  <ItemGroup>
    <ClCompile Include="src\object-recognition-toolkit\feature-extraction\feature-extractor.cpp" />
    <ClCompile Include="src\object-recognition-toolkit\feature-extraction\hog-feature-extractor.cpp" />
    <ClCompile Include="src\object-recognition-toolkit\image-scanning\image-scanner.cpp" />
    <ClCompile Include="src\object-recognition-toolkit\image-scanning\dense-image-scanner.cpp" />
    <ClCompile Include="src\object-recognition-toolkit\image-pyramid\image-pyramid.cpp" />
    <ClCompile Include="src\object-recognition-toolkit\image-pyramid\float-pyramid.cpp" />
    <ClCompile Include="src\object-recognition-toolkit\classification\classifier.cpp" />
    <ClCompile Include="src\object-recognition-toolkit\classification\mock-person-classifier.cpp" />
    <ClCompile Include="src\object-recognition-toolkit\classification\linear-svc.cpp" />
    <ClCompile Include="src\object-recognition-toolkit\classification\trainer.cpp" />
    <ClCompile Include="src\object-recognition-toolkit\classification\linear-svc-trainer.cpp" />
    <ClCompile Include="src\object-recognition-toolkit\detection\detector.cpp" />
    <ClCompile Include="src\object-recognition-toolkit\non_maxima_suppression\non_maxima_suppressor.cpp" />
    <ClCompile Include="src\object-recognition-toolkit\non_maxima_suppression\pass_through_nms.cpp" />
    <ClCompile Include="src\object-recognition-toolkit\detection\detector_base.cpp" />
    <ClCompile Include="src\object-recognition-toolkit\core\named.cpp" />
    <ClCompile Include="src\object-recognition-toolkit\core\serialization.cpp" />
    <ClCompile Include="src\object-recognition-toolkit\detection\detector_base_mt.cpp" />
    <ClCompile Include="src\object-recognition-toolkit\core\core.cpp" />
    <ClCompile Include="src\object-recognition-toolkit\dataset\dataset.cpp" />
    <ClCompile Include="src\object-recognition-toolkit\dataset\imglab\convert_pascal_v1.cpp" />
    <ClCompile Include="src\object-recognition-toolkit\detection\detector_trainer.cpp" />
    <ClCompile Include="src\object-recognition-toolkit\detection\dallal_triggs_detector_trainer.cpp" />
  </ItemGroup>
  <ItemGroup>
    <None Include="packages.config" />
  </ItemGroup>
</Project>